{
  "name": "m06-solo-hike-finder-website",
  "lockfileVersion": 2,
  "requires": true,
  "packages": {
    "": {
      "dependencies": {
        "loading-attribute-polyfill": "^2.1.1"
      }
    },
    "node_modules/loading-attribute-polyfill": {
      "version": "2.1.1",
      "resolved": "https://registry.npmjs.org/loading-attribute-polyfill/-/loading-attribute-polyfill-2.1.1.tgz",
      "integrity": "sha512-NhrAVtJpvJ4AETXPxZF9+neiiiNXNudg8putIVaZ0Po5yIvjLfdW9prwN7FJ5ZbCde1ThdNQ+C0WxPyoOcFUlA=="
    }
  },
  "dependencies": {
    "loading-attribute-polyfill": {
      "version": "2.1.1",
      "resolved": "https://registry.npmjs.org/loading-attribute-polyfill/-/loading-attribute-polyfill-2.1.1.tgz",
      "integrity": "sha512-NhrAVtJpvJ4AETXPxZF9+neiiiNXNudg8putIVaZ0Po5yIvjLfdW9prwN7FJ5ZbCde1ThdNQ+C0WxPyoOcFUlA=="
    }
  }
}
